
Microsoft Visual Studio Solution File, Format Version 12.00
# Visual Studio Version 16
VisualStudioVersion = 16.0.31313.79
MinimumVisualStudioVersion = 10.0.40219.1
Project("{FAE04EC0-301F-11D3-BF4B-00C04F79EFBC}") = "SoftUnii", "SoftUnii.csproj", "{FA4EB33E-EB41-4844-A2A6-80343F8FE20B}"
EndProject
Global
	GlobalSection(SolutionConfigurationPlatforms) = preSolution
		Debug|Any CPU = Debug|Any CPU
		Release|Any CPU = Release|Any CPU
	EndGlobalSection
	GlobalSection(ProjectConfigurationPlatforms) = postSolution
		{FA4EB33E-EB41-4844-A2A6-80343F8FE20B}.Debug|Any CPU.ActiveCfg = Debug|Any CPU
		{FA4EB33E-EB41-4844-A2A6-80343F8FE20B}.Debug|Any CPU.Build.0 = Debug|Any CPU
		{FA4EB33E-EB41-4844-A2A6-80343F8FE20B}.Release|Any CPU.ActiveCfg = Release|Any CPU
		{FA4EB33E-EB41-4844-A2A6-80343F8FE20B}.Release|Any CPU.Build.0 = Release|Any CPU
	EndGlobalSection
	GlobalSection(SolutionProperties) = preSolution
		HideSolutionNode = FALSE
	EndGlobalSection
	GlobalSection(ExtensibilityGlobals) = postSolution
		SolutionGuid = {0109B1C1-0C7B-480E-8A0C-0C907A961E73}
	EndGlobalSection
EndGlobal
